
Microsoft Visual Studio Solution File, Format Version 12.00
# Visual Studio Version 16
VisualStudioVersion = 16.0.31025.194
MinimumVisualStudioVersion = 10.0.40219.1
Project("{9A19103F-16F7-4668-BE54-9A1E7A4F7556}") = "RedmineTelegramBot.Standalone", "RedmineTelegramBot.Standalone\RedmineTelegramBot.Standalone.csproj", "{F73BA73B-D0D2-4D51-84FD-453AACE6A686}"
EndProject
Project("{9A19103F-16F7-4668-BE54-9A1E7A4F7556}") = "RedmineTelegramBot.Core", "RedmineTelegramBot.Core\RedmineTelegramBot.Core.csproj", "{A2544C49-5EEA-4656-920C-0E3EE9C3FE4F}"
EndProject
Project("{FAE04EC0-301F-11D3-BF4B-00C04F79EFBC}") = "RedmineTelegramBot.Telegram", "RedmineTelegramBot.Telegram\RedmineTelegramBot.Telegram.csproj", "{DBDF4AC3-6A67-4C2B-859F-966ED031D1E4}"
EndProject
Global
	GlobalSection(SolutionConfigurationPlatforms) = preSolution
		Debug|Any CPU = Debug|Any CPU
		Release|Any CPU = Release|Any CPU
	EndGlobalSection
	GlobalSection(ProjectConfigurationPlatforms) = postSolution
		{F73BA73B-D0D2-4D51-84FD-453AACE6A686}.Debug|Any CPU.ActiveCfg = Debug|Any CPU
		{F73BA73B-D0D2-4D51-84FD-453AACE6A686}.Debug|Any CPU.Build.0 = Debug|Any CPU
		{F73BA73B-D0D2-4D51-84FD-453AACE6A686}.Release|Any CPU.ActiveCfg = Release|Any CPU
		{F73BA73B-D0D2-4D51-84FD-453AACE6A686}.Release|Any CPU.Build.0 = Release|Any CPU
		{A2544C49-5EEA-4656-920C-0E3EE9C3FE4F}.Debug|Any CPU.ActiveCfg = Debug|Any CPU
		{A2544C49-5EEA-4656-920C-0E3EE9C3FE4F}.Debug|Any CPU.Build.0 = Debug|Any CPU
		{A2544C49-5EEA-4656-920C-0E3EE9C3FE4F}.Release|Any CPU.ActiveCfg = Release|Any CPU
		{A2544C49-5EEA-4656-920C-0E3EE9C3FE4F}.Release|Any CPU.Build.0 = Release|Any CPU
		{DBDF4AC3-6A67-4C2B-859F-966ED031D1E4}.Debug|Any CPU.ActiveCfg = Debug|Any CPU
		{DBDF4AC3-6A67-4C2B-859F-966ED031D1E4}.Debug|Any CPU.Build.0 = Debug|Any CPU
		{DBDF4AC3-6A67-4C2B-859F-966ED031D1E4}.Release|Any CPU.ActiveCfg = Release|Any CPU
		{DBDF4AC3-6A67-4C2B-859F-966ED031D1E4}.Release|Any CPU.Build.0 = Release|Any CPU
	EndGlobalSection
	GlobalSection(SolutionProperties) = preSolution
		HideSolutionNode = FALSE
	EndGlobalSection
	GlobalSection(ExtensibilityGlobals) = postSolution
		SolutionGuid = {CB3AD128-26A7-4293-807E-92B49FC87341}
	EndGlobalSection
EndGlobal
